
Microsoft Visual Studio Solution File, Format Version 12.00
# Visual Studio Version 17
VisualStudioVersion = 17.13.35825.156 d17.13
MinimumVisualStudioVersion = 10.0.40219.1
Project("{FAE04EC0-301F-11D3-BF4B-00C04F79EFBC}") = "RealEstate_Dapper_Api", "RealEstate_Dapper_Api\RealEstate_Dapper_Api.csproj", "{7A494CFE-E4EF-4693-98D3-F82DC68A100A}"
EndProject
Project("{FAE04EC0-301F-11D3-BF4B-00C04F79EFBC}") = "RealEstate_Dapper_UI", "RealEstate_Dapper_UI\RealEstate_Dapper_UI.csproj", "{F3C0139E-40A4-4419-A2F8-25D3D2E54D96}"
EndProject
Global
	GlobalSection(SolutionConfigurationPlatforms) = preSolution
		Debug|Any CPU = Debug|Any CPU
		Release|Any CPU = Release|Any CPU
	EndGlobalSection
	GlobalSection(ProjectConfigurationPlatforms) = postSolution
		{7A494CFE-E4EF-4693-98D3-F82DC68A100A}.Debug|Any CPU.ActiveCfg = Debug|Any CPU
		{7A494CFE-E4EF-4693-98D3-F82DC68A100A}.Debug|Any CPU.Build.0 = Debug|Any CPU
		{7A494CFE-E4EF-4693-98D3-F82DC68A100A}.Release|Any CPU.ActiveCfg = Release|Any CPU
		{7A494CFE-E4EF-4693-98D3-F82DC68A100A}.Release|Any CPU.Build.0 = Release|Any CPU
		{F3C0139E-40A4-4419-A2F8-25D3D2E54D96}.Debug|Any CPU.ActiveCfg = Debug|Any CPU
		{F3C0139E-40A4-4419-A2F8-25D3D2E54D96}.Debug|Any CPU.Build.0 = Debug|Any CPU
		{F3C0139E-40A4-4419-A2F8-25D3D2E54D96}.Release|Any CPU.ActiveCfg = Release|Any CPU
		{F3C0139E-40A4-4419-A2F8-25D3D2E54D96}.Release|Any CPU.Build.0 = Release|Any CPU
	EndGlobalSection
	GlobalSection(SolutionProperties) = preSolution
		HideSolutionNode = FALSE
	EndGlobalSection
	GlobalSection(ExtensibilityGlobals) = postSolution
		SolutionGuid = {20FFFFB7-DF36-4A2F-91B0-F4001BF1D337}
	EndGlobalSection
EndGlobal
